{
  "nodes": {
    "home-manager": {
      "inputs": {
        "nixpkgs": "nixpkgs",
        "utils": "utils"
      },
      "locked": {
        "lastModified": 1667574732,
        "narHash": "sha256-73TVk3uSQOja6Q/5OuNcpcqwo6+SMzJPRtYAjU0rBx4=",
        "owner": "nix-community",
        "repo": "home-manager",
        "rev": "b764068a506c6f70dba998efa0e7fcb99cb4deb2",
        "type": "github"
      },
      "original": {
        "owner": "nix-community",
        "repo": "home-manager",
        "type": "github"
      }
    },
    "nixpkgs": {
      "locked": {
        "lastModified": 1667050928,
        "narHash": "sha256-xOn0ZgjImIyeecEsrjxuvlW7IW5genTwvvnDQRFncB8=",
        "owner": "nixos",
        "repo": "nixpkgs",
        "rev": "fdebb81f45a1ba2c4afca5fd9f526e1653ad0949",
        "type": "github"
      },
      "original": {
        "owner": "nixos",
        "ref": "nixos-unstable",
        "repo": "nixpkgs",
        "type": "github"
      }
    },
    "nixpkgs_2": {
      "locked": {
        "lastModified": 1668417584,
        "narHash": "sha256-yeuEyxKPwsm5fIHN49L/syn9g5coxnPp3GsVquhrv5A=",
        "owner": "NixOS",
        "repo": "nixpkgs",
        "rev": "013fcdd106823416918004bb684c3c186d3c460f",
        "type": "github"
      },
      "original": {
        "id": "nixpkgs",
        "ref": "nixos-unstable",
        "type": "indirect"
      }
    },
    "nixpkgs_3": {
      "locked": {
        "lastModified": 1665975177,
        "narHash": "sha256-PypbdMOB9l5Uks1phl2reKY+klMabz8fepj7bWrupZE=",
        "owner": "NixOS",
        "repo": "nixpkgs",
        "rev": "ab6176ac5b0ee4f18e9cb380a41a6e1816c7bc89",
        "type": "github"
      },
      "original": {
        "owner": "NixOS",
        "ref": "nixpkgs-unstable",
        "repo": "nixpkgs",
        "type": "github"
      }
    },
    "root": {
      "inputs": {
        "home-manager": "home-manager",
        "nixpkgs": "nixpkgs_2",
        "yi-pkg": "yi-pkg"
      }
    },
    "utils": {
      "locked": {
        "lastModified": 1667077288,
        "narHash": "sha256-bdC8sFNDpT0HK74u9fUkpbf1MEzVYJ+ka7NXCdgBoaA=",
        "owner": "numtide",
        "repo": "flake-utils",
        "rev": "6ee9ebb6b1ee695d2cacc4faa053a7b9baa76817",
        "type": "github"
      },
      "original": {
        "owner": "numtide",
        "repo": "flake-utils",
        "type": "github"
      }
    },
    "yi-pkg": {
      "inputs": {
        "nixpkgs": "nixpkgs_3"
      },
      "locked": {
        "lastModified": 1665990241,
        "narHash": "sha256-koRgT8umRnNRQU3QikCFd4kEfiaoXot328aEaHMH8ic=",
        "owner": "yilozt",
        "repo": "nurpkg",
        "rev": "82fb3c11c28f1155525c620be7b6f525cee50dd0",
        "type": "github"
      },
      "original": {
        "owner": "yilozt",
        "repo": "nurpkg",
        "type": "github"
      }
    }
  },
  "root": "root",
  "version": 7
}
