{
  "nodes": {
    "blackbox": {
      "inputs": {
        "blackbox-src": "blackbox-src",
        "marble-src": "marble-src",
        "nixpkgs": "nixpkgs",
        "vte-src": "vte-src"
      },
      "locked": {
        "lastModified": 1662449930,
        "narHash": "sha256-eWdjJXRHzBJLmp8tjE0zLeGKdsM9GkBw/QqounybpGM=",
        "owner": "mitchmindtree",
        "repo": "blackbox.nix",
        "rev": "01d2ac7f73597060c1cbdb3af22482d292b65357",
        "type": "github"
      },
      "original": {
        "owner": "mitchmindtree",
        "repo": "blackbox.nix",
        "type": "github"
      }
    },
    "blackbox-src": {
      "flake": false,
      "locked": {
        "lastModified": 1660669382,
        "narHash": "sha256-8u4qHC8+3rKDFNdg5kI48dBgAm3d6ESXN5H9aT/nIBY=",
        "ref": "main",
        "rev": "c9ed9fd1e50b5be15ed0529e3536c63aa4b23553",
        "revCount": 247,
        "type": "git",
        "url": "https://gitlab.gnome.org/raggesilver/blackbox"
      },
      "original": {
        "ref": "main",
        "type": "git",
        "url": "https://gitlab.gnome.org/raggesilver/blackbox"
      }
    },
    "flake-utils": {
      "locked": {
        "lastModified": 1638122382,
        "narHash": "sha256-sQzZzAbvKEqN9s0bzWuYmRaA03v40gaJ4+iL1LXjaeI=",
        "owner": "numtide",
        "repo": "flake-utils",
        "rev": "74f7e4319258e287b0f9cb95426c9853b282730b",
        "type": "github"
      },
      "original": {
        "owner": "numtide",
        "repo": "flake-utils",
        "type": "github"
      }
    },
    "flake-utils_2": {
      "locked": {
        "lastModified": 1659877975,
        "narHash": "sha256-zllb8aq3YO3h8B/U0/J1WBgAL8EX5yWf5pMj3G0NAmc=",
        "owner": "numtide",
        "repo": "flake-utils",
        "rev": "c0e246b9b83f637f4681389ecabcb2681b4f3af0",
        "type": "github"
      },
      "original": {
        "owner": "numtide",
        "repo": "flake-utils",
        "type": "github"
      }
    },
    "flake-utils_3": {
      "locked": {
        "lastModified": 1656928814,
        "narHash": "sha256-RIFfgBuKz6Hp89yRr7+NR5tzIAbn52h8vT6vXkYjZoM=",
        "owner": "numtide",
        "repo": "flake-utils",
        "rev": "7e2a3b3dfd9af950a856d66b0a7d01e3c18aa249",
        "type": "github"
      },
      "original": {
        "owner": "numtide",
        "repo": "flake-utils",
        "type": "github"
      }
    },
    "home-manager": {
      "inputs": {
        "nixpkgs": [
          "nixpkgs"
        ],
        "utils": "utils"
      },
      "locked": {
        "lastModified": 1663629861,
        "narHash": "sha256-CjfQUyPfG/hkE4jnMcTvVJ0ubc84u8ySruZL+emXMjw=",
        "owner": "nix-community",
        "repo": "home-manager",
        "rev": "41790ba656bafc023f48ccdbbe7816d30fd52d76",
        "type": "github"
      },
      "original": {
        "owner": "nix-community",
        "repo": "home-manager",
        "type": "github"
      }
    },
    "marble-src": {
      "flake": false,
      "locked": {
        "lastModified": 1650416394,
        "narHash": "sha256-0VJ9nyjWOOdLBm3ufleS/xcAS5YsSedJ2NtBjyM3uaY=",
        "ref": "wip/gtk4",
        "rev": "6dcc6fefa35f0151b0549c01bd774750fe6bdef8",
        "revCount": 31,
        "type": "git",
        "url": "https://gitlab.gnome.org/raggesilver/marble"
      },
      "original": {
        "ref": "wip/gtk4",
        "type": "git",
        "url": "https://gitlab.gnome.org/raggesilver/marble"
      }
    },
    "nixos-cn": {
      "inputs": {
        "flake-utils": "flake-utils",
        "nixpkgs": [
          "nixpkgs"
        ]
      },
      "locked": {
        "lastModified": 1663641286,
        "narHash": "sha256-9tsuWeEA5ulH66RSfv+ZS1huv5vxmoHiN6D3Pmequ8s=",
        "owner": "nixos-cn",
        "repo": "flakes",
        "rev": "8d1f7d37c7a7862bd9de0b4e801019a4cfa268a1",
        "type": "github"
      },
      "original": {
        "owner": "nixos-cn",
        "repo": "flakes",
        "type": "github"
      }
    },
    "nixpkgs": {
      "locked": {
        "lastModified": 1660819943,
        "narHash": "sha256-TRZV/mlW1eYuojqDC3ueYWj7jsTKXJCtyMLNYX/Ybtw=",
        "owner": "NixOS",
        "repo": "nixpkgs",
        "rev": "8ea014acc33da95ea56c902229957d8225005163",
        "type": "github"
      },
      "original": {
        "owner": "NixOS",
        "ref": "nixos-unstable",
        "repo": "nixpkgs",
        "type": "github"
      }
    },
    "nixpkgs_2": {
      "locked": {
        "lastModified": 1663494472,
        "narHash": "sha256-fSowlaoXXWcAM8m9wA6u+eTJJtvruYHMA+Lb/tFi/qM=",
        "owner": "NixOS",
        "repo": "nixpkgs",
        "rev": "f677051b8dc0b5e2a9348941c99eea8c4b0ff28f",
        "type": "github"
      },
      "original": {
        "id": "nixpkgs",
        "ref": "nixos-unstable",
        "type": "indirect"
      }
    },
    "nixpkgs_3": {
      "locked": {
        "lastModified": 1659102345,
        "narHash": "sha256-Vbzlz254EMZvn28BhpN8JOi5EuKqnHZ3ujFYgFcSGvk=",
        "owner": "NixOS",
        "repo": "nixpkgs",
        "rev": "11b60e4f80d87794a2a4a8a256391b37c59a1ea7",
        "type": "github"
      },
      "original": {
        "owner": "NixOS",
        "ref": "nixpkgs-unstable",
        "repo": "nixpkgs",
        "type": "github"
      }
    },
    "nixpkgs_4": {
      "locked": {
        "lastModified": 1624561540,
        "narHash": "sha256-izJ2PYZMGMsSkg+e7c9A1x3t/yOLT+qzUM6WQsc2tqo=",
        "owner": "NixOS",
        "repo": "nixpkgs",
        "rev": "c6a049a3d32293b24c0f894a840872cf67fd7c11",
        "type": "github"
      },
      "original": {
        "owner": "NixOS",
        "ref": "nixpkgs-unstable",
        "repo": "nixpkgs",
        "type": "github"
      }
    },
    "nur": {
      "locked": {
        "lastModified": 1663655398,
        "narHash": "sha256-8g8DWG0SfHSlJ44RImmrgaRp/PnYgF5jW3zmDShPP8k=",
        "owner": "nix-community",
        "repo": "NUR",
        "rev": "698b3d3d1c5b5e68f15bcc2f715a82e20c5e21c5",
        "type": "github"
      },
      "original": {
        "owner": "nix-community",
        "repo": "NUR",
        "type": "github"
      }
    },
    "nur-pkgs": {
      "inputs": {
        "flake-utils": "flake-utils_2",
        "nixpkgs": [
          "nixpkgs"
        ],
        "rust-overlay": "rust-overlay"
      },
      "locked": {
        "lastModified": 1661310908,
        "narHash": "sha256-qiBR3DCSbIanRXldnyVt2rLt2bB1ay1CciwE/DTPJNM=",
        "owner": "ocfox",
        "repo": "nur-pkgs",
        "rev": "a1f72a79e5fd32a232cdce24804e6f1dd3ce2684",
        "type": "github"
      },
      "original": {
        "owner": "ocfox",
        "repo": "nur-pkgs",
        "type": "github"
      }
    },
    "root": {
      "inputs": {
        "blackbox": "blackbox",
        "home-manager": "home-manager",
        "nixos-cn": "nixos-cn",
        "nixpkgs": "nixpkgs_2",
        "nur": "nur",
        "nur-pkgs": "nur-pkgs",
        "yi-pkg": "yi-pkg"
      }
    },
    "rust-overlay": {
      "inputs": {
        "flake-utils": "flake-utils_3",
        "nixpkgs": "nixpkgs_3"
      },
      "locked": {
        "lastModified": 1661223502,
        "narHash": "sha256-0FGSx/zxu+rg7xpVrDCNqrao76JW1CjjGe/ZyjtRtBA=",
        "owner": "oxalica",
        "repo": "rust-overlay",
        "rev": "c075bd0d8d88a6826b03ede94c66659e80c80e00",
        "type": "github"
      },
      "original": {
        "owner": "oxalica",
        "repo": "rust-overlay",
        "type": "github"
      }
    },
    "utils": {
      "locked": {
        "lastModified": 1659877975,
        "narHash": "sha256-zllb8aq3YO3h8B/U0/J1WBgAL8EX5yWf5pMj3G0NAmc=",
        "owner": "numtide",
        "repo": "flake-utils",
        "rev": "c0e246b9b83f637f4681389ecabcb2681b4f3af0",
        "type": "github"
      },
      "original": {
        "owner": "numtide",
        "repo": "flake-utils",
        "type": "github"
      }
    },
    "vte-src": {
      "flake": false,
      "locked": {
        "lastModified": 1660860193,
        "narHash": "sha256-Th7Jlll9DIGuB4dySAfTGI6TXyTl0AfRE0EgT0exrJs=",
        "ref": "master",
        "rev": "b4abc09b0950e2b1593782116b7fa9fc2e7ffba1",
        "revCount": 5209,
        "type": "git",
        "url": "https://gitlab.gnome.org/gnome/vte"
      },
      "original": {
        "ref": "master",
        "type": "git",
        "url": "https://gitlab.gnome.org/gnome/vte"
      }
    },
    "yi-pkg": {
      "inputs": {
        "nixpkgs": "nixpkgs_4"
      },
      "locked": {
        "lastModified": 1663472787,
        "narHash": "sha256-MutW9pXG5/gUdGagSLgfmpNKWPDzQ6B3J79Un5Jk5mw=",
        "owner": "yilozt",
        "repo": "nurpkg",
        "rev": "f31f2d9f813363e6ffd95b0ff7ff941e7f3903d6",
        "type": "github"
      },
      "original": {
        "owner": "yilozt",
        "repo": "nurpkg",
        "type": "github"
      }
    }
  },
  "root": "root",
  "version": 7
}
