{
  "nodes": {
    "home-manager": {
      "inputs": {
        "nixpkgs": "nixpkgs",
        "utils": "utils"
      },
      "locked": {
        "lastModified": 1674082145,
        "narHash": "sha256-4IpEt5Jc6VrNcpIcrKMCZAyeJMLXaaHk+yOV9HusO/A=",
        "owner": "nix-community",
        "repo": "home-manager",
        "rev": "7026e1a934abfa02623c9870378dbcdac3cd7f80",
        "type": "github"
      },
      "original": {
        "owner": "nix-community",
        "repo": "home-manager",
        "type": "github"
      }
    },
    "nixpkgs": {
      "locked": {
        "lastModified": 1671983799,
        "narHash": "sha256-Z2Ro6hFPZHkBqkVXY5/aBUzxi5xizQGvuHQ9+T5B/ks=",
        "owner": "nixos",
        "repo": "nixpkgs",
        "rev": "fad51abd42ca17a60fc1d4cb9382e2d79ae31836",
        "type": "github"
      },
      "original": {
        "owner": "nixos",
        "ref": "nixos-unstable",
        "repo": "nixpkgs",
        "type": "github"
      }
    },
    "nixpkgs_2": {
      "locked": {
        "owner": "NixOS",
        "repo": "nixpkgs",
        "rev": "3ad7b8a7e8c2da367d661df6c3742168c53913fa",
        "type": "github"
      },
      "original": {
        "id": "nixpkgs",
        "ref": "nixos-unstable",
        "type": "indirect"
      }
    },
    "nixpkgs_3": {
      "locked": {
        "lastModified": 1665975177,
        "narHash": "sha256-PypbdMOB9l5Uks1phl2reKY+klMabz8fepj7bWrupZE=",
        "owner": "NixOS",
        "repo": "nixpkgs",
        "rev": "ab6176ac5b0ee4f18e9cb380a41a6e1816c7bc89",
        "type": "github"
      },
      "original": {
        "owner": "NixOS",
        "ref": "nixpkgs-unstable",
        "repo": "nixpkgs",
        "type": "github"
      }
    },
    "nur": {
      "locked": {
        "lastModified": 1674180668,
        "narHash": "sha256-gfEaQ3s16RkXRKxf0CdNZ+r3P1s2N4kkqU2VgDTL5pI=",
        "owner": "nix-community",
        "repo": "NUR",
        "rev": "54708a8f83964ff1e871b68a53ba648e432b45b6",
        "type": "github"
      },
      "original": {
        "owner": "nix-community",
        "repo": "NUR",
        "type": "github"
      }
    },
    "root": {
      "inputs": {
        "home-manager": "home-manager",
        "nixpkgs": "nixpkgs_2",
        "nur": "nur",
        "yi-pkg": "yi-pkg"
      }
    },
    "utils": {
      "locked": {
        "lastModified": 1667395993,
        "narHash": "sha256-nuEHfE/LcWyuSWnS8t12N1wc105Qtau+/OdUAjtQ0rA=",
        "owner": "numtide",
        "repo": "flake-utils",
        "rev": "5aed5285a952e0b949eb3ba02c12fa4fcfef535f",
        "type": "github"
      },
      "original": {
        "owner": "numtide",
        "repo": "flake-utils",
        "type": "github"
      }
    },
    "yi-pkg": {
      "inputs": {
        "nixpkgs": "nixpkgs_3"
      },
      "locked": {
        "lastModified": 1665990241,
        "narHash": "sha256-koRgT8umRnNRQU3QikCFd4kEfiaoXot328aEaHMH8ic=",
        "owner": "yilozt",
        "repo": "nurpkg",
        "rev": "82fb3c11c28f1155525c620be7b6f525cee50dd0",
        "type": "github"
      },
      "original": {
        "owner": "yilozt",
        "repo": "nurpkg",
        "type": "github"
      }
    }
  },
  "root": "root",
  "version": 7
}
